
Microsoft Visual Studio Solution File, Format Version 12.00
# Visual Studio Version 17
VisualStudioVersion = 17.2.32505.173
MinimumVisualStudioVersion = 10.0.40219.1
Project("{9A19103F-16F7-4668-BE54-9A1E7A4F7556}") = "RicardoSalesWeb", "RicardoSalesWeb\RicardoSalesWeb.csproj", "{96191614-1E64-404C-BEEF-A06DBC407C9F}"
EndProject
Project("{9A19103F-16F7-4668-BE54-9A1E7A4F7556}") = "Entity", "Entity\Entity.csproj", "{B69FD653-70D5-43FC-A81E-A4A3938E8350}"
EndProject
Global
	GlobalSection(SolutionConfigurationPlatforms) = preSolution
		Debug|Any CPU = Debug|Any CPU
		Release|Any CPU = Release|Any CPU
	EndGlobalSection
	GlobalSection(ProjectConfigurationPlatforms) = postSolution
		{96191614-1E64-404C-BEEF-A06DBC407C9F}.Debug|Any CPU.ActiveCfg = Debug|Any CPU
		{96191614-1E64-404C-BEEF-A06DBC407C9F}.Debug|Any CPU.Build.0 = Debug|Any CPU
		{96191614-1E64-404C-BEEF-A06DBC407C9F}.Release|Any CPU.ActiveCfg = Release|Any CPU
		{96191614-1E64-404C-BEEF-A06DBC407C9F}.Release|Any CPU.Build.0 = Release|Any CPU
		{B69FD653-70D5-43FC-A81E-A4A3938E8350}.Debug|Any CPU.ActiveCfg = Debug|Any CPU
		{B69FD653-70D5-43FC-A81E-A4A3938E8350}.Debug|Any CPU.Build.0 = Debug|Any CPU
		{B69FD653-70D5-43FC-A81E-A4A3938E8350}.Release|Any CPU.ActiveCfg = Release|Any CPU
		{B69FD653-70D5-43FC-A81E-A4A3938E8350}.Release|Any CPU.Build.0 = Release|Any CPU
	EndGlobalSection
	GlobalSection(SolutionProperties) = preSolution
		HideSolutionNode = FALSE
	EndGlobalSection
	GlobalSection(ExtensibilityGlobals) = postSolution
		SolutionGuid = {8DF0E44F-7DF0-48FC-9483-73959C253197}
	EndGlobalSection
EndGlobal
